// !$*UTF8*$!
{
	archiveVersion = 1;
	classes = {
	};
	objectVersion = 56;
	objects = {

/* Begin PBXBuildFile section */
		60690AB52917F83800819777 /* main.swift in Sources */ = {isa = PBXBuildFile; fileRef = 60690AB42917F83800819777 /* main.swift */; };
		60690ABC2918057D00819777 /* Human.swift in Sources */ = {isa = PBXBuildFile; fileRef = 60690ABB2918057D00819777 /* Human.swift */; };
		60690AC0291805F300819777 /* Worker.swift in Sources */ = {isa = PBXBuildFile; fileRef = 60690ABF291805F300819777 /* Worker.swift */; };
		60690AC22918061A00819777 /* Teacher.swift in Sources */ = {isa = PBXBuildFile; fileRef = 60690AC12918061A00819777 /* Teacher.swift */; };
		60690AC42918064100819777 /* DataBase.swift in Sources */ = {isa = PBXBuildFile; fileRef = 60690AC32918064100819777 /* DataBase.swift */; };
		D40258C5291C222700129E4E /* DataBaseOfWorkers.swift in Sources */ = {isa = PBXBuildFile; fileRef = D40258C4291C222700129E4E /* DataBaseOfWorkers.swift */; };
		D40258C7291C235600129E4E /* DataBaseOfTeachers.swift in Sources */ = {isa = PBXBuildFile; fileRef = D40258C6291C235600129E4E /* DataBaseOfTeachers.swift */; };
/* End PBXBuildFile section */

/* Begin PBXCopyFilesBuildPhase section */
		60690AAF2917F83800819777 /* CopyFiles */ = {
			isa = PBXCopyFilesBuildPhase;
			buildActionMask = 2147483647;
			dstPath = /usr/share/man/man1/;
			dstSubfolderSpec = 0;
			files = (
			);
			runOnlyForDeploymentPostprocessing = 1;
		};
/* End PBXCopyFilesBuildPhase section */

/* Begin PBXFileReference section */
		60690AB12917F83800819777 /* lastLesson */ = {isa = PBXFileReference; explicitFileType = "compiled.mach-o.executable"; includeInIndex = 0; path = lastLesson; sourceTree = BUILT_PRODUCTS_DIR; };
		60690AB42917F83800819777 /* main.swift */ = {isa = PBXFileReference; lastKnownFileType = sourcecode.swift; path = main.swift; sourceTree = "<group>"; };
		60690ABB2918057D00819777 /* Human.swift */ = {isa = PBXFileReference; lastKnownFileType = sourcecode.swift; path = Human.swift; sourceTree = "<group>"; };
		60690ABF291805F300819777 /* Worker.swift */ = {isa = PBXFileReference; lastKnownFileType = sourcecode.swift; path = Worker.swift; sourceTree = "<group>"; };
		60690AC12918061A00819777 /* Teacher.swift */ = {isa = PBXFileReference; lastKnownFileType = sourcecode.swift; path = Teacher.swift; sourceTree = "<group>"; };
		60690AC32918064100819777 /* DataBase.swift */ = {isa = PBXFileReference; lastKnownFileType = sourcecode.swift; path = DataBase.swift; sourceTree = "<group>"; };
		D40258C4291C222700129E4E /* DataBaseOfWorkers.swift */ = {isa = PBXFileReference; lastKnownFileType = sourcecode.swift; path = DataBaseOfWorkers.swift; sourceTree = "<group>"; };
		D40258C6291C235600129E4E /* DataBaseOfTeachers.swift */ = {isa = PBXFileReference; lastKnownFileType = sourcecode.swift; path = DataBaseOfTeachers.swift; sourceTree = "<group>"; };
/* End PBXFileReference section */

/* Begin PBXFrameworksBuildPhase section */
		60690AAE2917F83800819777 /* Frameworks */ = {
			isa = PBXFrameworksBuildPhase;
			buildActionMask = 2147483647;
			files = (
			);
			runOnlyForDeploymentPostprocessing = 0;
		};
/* End PBXFrameworksBuildPhase section */

/* Begin PBXGroup section */
		60690AA82917F83800819777 = {
			isa = PBXGroup;
			children = (
				60690AB32917F83800819777 /* lastLesson */,
				60690AB22917F83800819777 /* Products */,
			);
			sourceTree = "<group>";
		};
		60690AB22917F83800819777 /* Products */ = {
			isa = PBXGroup;
			children = (
				60690AB12917F83800819777 /* lastLesson */,
			);
			name = Products;
			sourceTree = "<group>";
		};
		60690AB32917F83800819777 /* lastLesson */ = {
			isa = PBXGroup;
			children = (
				60690ABE2918059500819777 /* Objects */,
				60690ABD2918058B00819777 /* Humans */,
				60690AB42917F83800819777 /* main.swift */,
			);
			path = lastLesson;
			sourceTree = "<group>";
		};
		60690ABD2918058B00819777 /* Humans */ = {
			isa = PBXGroup;
			children = (
				60690ABB2918057D00819777 /* Human.swift */,
				60690ABF291805F300819777 /* Worker.swift */,
				60690AC12918061A00819777 /* Teacher.swift */,
			);
			path = Humans;
			sourceTree = "<group>";
		};
		60690ABE2918059500819777 /* Objects */ = {
			isa = PBXGroup;
			children = (
				60690AC32918064100819777 /* DataBase.swift */,
				D40258C4291C222700129E4E /* DataBaseOfWorkers.swift */,
				D40258C6291C235600129E4E /* DataBaseOfTeachers.swift */,
			);
			path = Objects;
			sourceTree = "<group>";
		};
/* End PBXGroup section */

/* Begin PBXNativeTarget section */
		60690AB02917F83800819777 /* lastLesson */ = {
			isa = PBXNativeTarget;
			buildConfigurationList = 60690AB82917F83800819777 /* Build configuration list for PBXNativeTarget "lastLesson" */;
			buildPhases = (
				60690AAD2917F83800819777 /* Sources */,
				60690AAE2917F83800819777 /* Frameworks */,
				60690AAF2917F83800819777 /* CopyFiles */,
			);
			buildRules = (
			);
			dependencies = (
			);
			name = lastLesson;
			productName = lastLesson;
			productReference = 60690AB12917F83800819777 /* lastLesson */;
			productType = "com.apple.product-type.tool";
		};
/* End PBXNativeTarget section */

/* Begin PBXProject section */
		60690AA92917F83800819777 /* Project object */ = {
			isa = PBXProject;
			attributes = {
				BuildIndependentTargetsInParallel = 1;
				LastSwiftUpdateCheck = 1400;
				LastUpgradeCheck = 1400;
				TargetAttributes = {
					60690AB02917F83800819777 = {
						CreatedOnToolsVersion = 14.0.1;
					};
				};
			};
			buildConfigurationList = 60690AAC2917F83800819777 /* Build configuration list for PBXProject "lastLesson" */;
			compatibilityVersion = "Xcode 14.0";
			developmentRegion = en;
			hasScannedForEncodings = 0;
			knownRegions = (
				en,
				Base,
			);
			mainGroup = 60690AA82917F83800819777;
			productRefGroup = 60690AB22917F83800819777 /* Products */;
			projectDirPath = "";
			projectRoot = "";
			targets = (
				60690AB02917F83800819777 /* lastLesson */,
			);
		};
/* End PBXProject section */

/* Begin PBXSourcesBuildPhase section */
		60690AAD2917F83800819777 /* Sources */ = {
			isa = PBXSourcesBuildPhase;
			buildActionMask = 2147483647;
			files = (
				60690AC42918064100819777 /* DataBase.swift in Sources */,
				60690AC22918061A00819777 /* Teacher.swift in Sources */,
				60690AB52917F83800819777 /* main.swift in Sources */,
				60690AC0291805F300819777 /* Worker.swift in Sources */,
				60690ABC2918057D00819777 /* Human.swift in Sources */,
				D40258C7291C235600129E4E /* DataBaseOfTeachers.swift in Sources */,
				D40258C5291C222700129E4E /* DataBaseOfWorkers.swift in Sources */,
			);
			runOnlyForDeploymentPostprocessing = 0;
		};
/* End PBXSourcesBuildPhase section */

/* Begin XCBuildConfiguration section */
		60690AB62917F83800819777 /* Debug */ = {
			isa = XCBuildConfiguration;
			buildSettings = {
				ALWAYS_SEARCH_USER_PATHS = NO;
				CLANG_ANALYZER_NONNULL = YES;
				CLANG_ANALYZER_NUMBER_OBJECT_CONVERSION = YES_AGGRESSIVE;
				CLANG_CXX_LANGUAGE_STANDARD = "gnu++20";
				CLANG_ENABLE_MODULES = YES;
				CLANG_ENABLE_OBJC_ARC = YES;
				CLANG_ENABLE_OBJC_WEAK = YES;
				CLANG_WARN_BLOCK_CAPTURE_AUTORELEASING = YES;
				CLANG_WARN_BOOL_CONVERSION = YES;
				CLANG_WARN_COMMA = YES;
				CLANG_WARN_CONSTANT_CONVERSION = YES;
				CLANG_WARN_DEPRECATED_OBJC_IMPLEMENTATIONS = YES;
				CLANG_WARN_DIRECT_OBJC_ISA_USAGE = YES_ERROR;
				CLANG_WARN_DOCUMENTATION_COMMENTS = YES;
				CLANG_WARN_EMPTY_BODY = YES;
				CLANG_WARN_ENUM_CONVERSION = YES;
				CLANG_WARN_INFINITE_RECURSION = YES;
				CLANG_WARN_INT_CONVERSION = YES;
				CLANG_WARN_NON_LITERAL_NULL_CONVERSION = YES;
				CLANG_WARN_OBJC_IMPLICIT_RETAIN_SELF = YES;
				CLANG_WARN_OBJC_LITERAL_CONVERSION = YES;
				CLANG_WARN_OBJC_ROOT_CLASS = YES_ERROR;
				CLANG_WARN_QUOTED_INCLUDE_IN_FRAMEWORK_HEADER = YES;
				CLANG_WARN_RANGE_LOOP_ANALYSIS = YES;
				CLANG_WARN_STRICT_PROTOTYPES = YES;
				CLANG_WARN_SUSPICIOUS_MOVE = YES;
				CLANG_WARN_UNGUARDED_AVAILABILITY = YES_AGGRESSIVE;
				CLANG_WARN_UNREACHABLE_CODE = YES;
				CLANG_WARN__DUPLICATE_METHOD_MATCH = YES;
				COPY_PHASE_STRIP = NO;
				DEBUG_INFORMATION_FORMAT = dwarf;
				ENABLE_STRICT_OBJC_MSGSEND = YES;
				ENABLE_TESTABILITY = YES;
				GCC_C_LANGUAGE_STANDARD = gnu11;
				GCC_DYNAMIC_NO_PIC = NO;
				GCC_NO_COMMON_BLOCKS = YES;
				GCC_OPTIMIZATION_LEVEL = 0;
				GCC_PREPROCESSOR_DEFINITIONS = (
					"DEBUG=1",
					"$(inherited)",
				);
				GCC_WARN_64_TO_32_BIT_CONVERSION = YES;
				GCC_WARN_ABOUT_RETURN_TYPE = YES_ERROR;
				GCC_WARN_UNDECLARED_SELECTOR = YES;
				GCC_WARN_UNINITIALIZED_AUTOS = YES_AGGRESSIVE;
				GCC_WARN_UNUSED_FUNCTION = YES;
				GCC_WARN_UNUSED_VARIABLE = YES;
				MACOSX_DEPLOYMENT_TARGET = 12.3;
				MTL_ENABLE_DEBUG_INFO = INCLUDE_SOURCE;
				MTL_FAST_MATH = YES;
				ONLY_ACTIVE_ARCH = YES;
				SDKROOT = macosx;
				SWIFT_ACTIVE_COMPILATION_CONDITIONS = DEBUG;
				SWIFT_OPTIMIZATION_LEVEL = "-Onone";
			};
			name = Debug;
		};
		60690AB72917F83800819777 /* Release */ = {
			isa = XCBuildConfiguration;
			buildSettings = {
				ALWAYS_SEARCH_USER_PATHS = NO;
				CLANG_ANALYZER_NONNULL = YES;
				CLANG_ANALYZER_NUMBER_OBJECT_CONVERSION = YES_AGGRESSIVE;
				CLANG_CXX_LANGUAGE_STANDARD = "gnu++20";
				CLANG_ENABLE_MODULES = YES;
				CLANG_ENABLE_OBJC_ARC = YES;
				CLANG_ENABLE_OBJC_WEAK = YES;
				CLANG_WARN_BLOCK_CAPTURE_AUTORELEASING = YES;
				CLANG_WARN_BOOL_CONVERSION = YES;
				CLANG_WARN_COMMA = YES;
				CLANG_WARN_CONSTANT_CONVERSION = YES;
				CLANG_WARN_DEPRECATED_OBJC_IMPLEMENTATIONS = YES;
				CLANG_WARN_DIRECT_OBJC_ISA_USAGE = YES_ERROR;
				CLANG_WARN_DOCUMENTATION_COMMENTS = YES;
				CLANG_WARN_EMPTY_BODY = YES;
				CLANG_WARN_ENUM_CONVERSION = YES;
				CLANG_WARN_INFINITE_RECURSION = YES;
				CLANG_WARN_INT_CONVERSION = YES;
				CLANG_WARN_NON_LITERAL_NULL_CONVERSION = YES;
				CLANG_WARN_OBJC_IMPLICIT_RETAIN_SELF = YES;
				CLANG_WARN_OBJC_LITERAL_CONVERSION = YES;
				CLANG_WARN_OBJC_ROOT_CLASS = YES_ERROR;
				CLANG_WARN_QUOTED_INCLUDE_IN_FRAMEWORK_HEADER = YES;
				CLANG_WARN_RANGE_LOOP_ANALYSIS = YES;
				CLANG_WARN_STRICT_PROTOTYPES = YES;
				CLANG_WARN_SUSPICIOUS_MOVE = YES;
				CLANG_WARN_UNGUARDED_AVAILABILITY = YES_AGGRESSIVE;
				CLANG_WARN_UNREACHABLE_CODE = YES;
				CLANG_WARN__DUPLICATE_METHOD_MATCH = YES;
				COPY_PHASE_STRIP = NO;
				DEBUG_INFORMATION_FORMAT = "dwarf-with-dsym";
				ENABLE_NS_ASSERTIONS = NO;
				ENABLE_STRICT_OBJC_MSGSEND = YES;
				GCC_C_LANGUAGE_STANDARD = gnu11;
				GCC_NO_COMMON_BLOCKS = YES;
				GCC_WARN_64_TO_32_BIT_CONVERSION = YES;
				GCC_WARN_ABOUT_RETURN_TYPE = YES_ERROR;
				GCC_WARN_UNDECLARED_SELECTOR = YES;
				GCC_WARN_UNINITIALIZED_AUTOS = YES_AGGRESSIVE;
				GCC_WARN_UNUSED_FUNCTION = YES;
				GCC_WARN_UNUSED_VARIABLE = YES;
				MACOSX_DEPLOYMENT_TARGET = 12.3;
				MTL_ENABLE_DEBUG_INFO = NO;
				MTL_FAST_MATH = YES;
				SDKROOT = macosx;
				SWIFT_COMPILATION_MODE = wholemodule;
				SWIFT_OPTIMIZATION_LEVEL = "-O";
			};
			name = Release;
		};
		60690AB92917F83800819777 /* Debug */ = {
			isa = XCBuildConfiguration;
			buildSettings = {
				CODE_SIGN_STYLE = Automatic;
				DEVELOPMENT_TEAM = K9J4W59S3Q;
				ENABLE_HARDENED_RUNTIME = YES;
				PRODUCT_NAME = "$(TARGET_NAME)";
				SWIFT_VERSION = 5.0;
			};
			name = Debug;
		};
		60690ABA2917F83800819777 /* Release */ = {
			isa = XCBuildConfiguration;
			buildSettings = {
				CODE_SIGN_STYLE = Automatic;
				DEVELOPMENT_TEAM = K9J4W59S3Q;
				ENABLE_HARDENED_RUNTIME = YES;
				PRODUCT_NAME = "$(TARGET_NAME)";
				SWIFT_VERSION = 5.0;
			};
			name = Release;
		};
/* End XCBuildConfiguration section */

/* Begin XCConfigurationList section */
		60690AAC2917F83800819777 /* Build configuration list for PBXProject "lastLesson" */ = {
			isa = XCConfigurationList;
			buildConfigurations = (
				60690AB62917F83800819777 /* Debug */,
				60690AB72917F83800819777 /* Release */,
			);
			defaultConfigurationIsVisible = 0;
			defaultConfigurationName = Release;
		};
		60690AB82917F83800819777 /* Build configuration list for PBXNativeTarget "lastLesson" */ = {
			isa = XCConfigurationList;
			buildConfigurations = (
				60690AB92917F83800819777 /* Debug */,
				60690ABA2917F83800819777 /* Release */,
			);
			defaultConfigurationIsVisible = 0;
			defaultConfigurationName = Release;
		};
/* End XCConfigurationList section */
	};
	rootObject = 60690AA92917F83800819777 /* Project object */;
}
